// !$*UTF8*$!
{
	archiveVersion = 1;
	classes = {
	};
	objectVersion = 56;
	objects = {

/* Begin PBXBuildFile section */
		170FAF4F2ACEA84B004BB201 /* .gitignore in Resources */ = {isa = PBXBuildFile; fileRef = 170FAF4E2ACEA84B004BB201 /* .gitignore */; };
		171D1CCB2ACC0F1F00CEFA31 /* LoginController.swift in Sources */ = {isa = PBXBuildFile; fileRef = 171D1CCA2ACC0F1F00CEFA31 /* LoginController.swift */; };
		171D1CCD2ACC377300CEFA31 /* SearchController.swift in Sources */ = {isa = PBXBuildFile; fileRef = 171D1CCC2ACC377300CEFA31 /* SearchController.swift */; };
		171D1CCF2ACC37A000CEFA31 /* LikesController.swift in Sources */ = {isa = PBXBuildFile; fileRef = 171D1CCE2ACC37A000CEFA31 /* LikesController.swift */; };
		171D1CD12ACC406A00CEFA31 /* MainTabBarController.swift in Sources */ = {isa = PBXBuildFile; fileRef = 171D1CD02ACC406A00CEFA31 /* MainTabBarController.swift */; };
		171D1CD32ACC54E100CEFA31 /* MusicCellController.swift in Sources */ = {isa = PBXBuildFile; fileRef = 171D1CD22ACC54E100CEFA31 /* MusicCellController.swift */; };
		17BA90BA2ACD5F5400995096 /* UIColorConverter.swift in Sources */ = {isa = PBXBuildFile; fileRef = 17BA90B92ACD5F5400995096 /* UIColorConverter.swift */; };
		17BA90BC2ACD6EC800995096 /* MusicPlayerController.swift in Sources */ = {isa = PBXBuildFile; fileRef = 17BA90BB2ACD6EC800995096 /* MusicPlayerController.swift */; };
		17BA90BE2ACD855500995096 /* MusicService.swift in Sources */ = {isa = PBXBuildFile; fileRef = 17BA90BD2ACD855400995096 /* MusicService.swift */; };
		17BA90C02ACD88EB00995096 /* ImageProvider.swift in Sources */ = {isa = PBXBuildFile; fileRef = 17BA90BF2ACD88EB00995096 /* ImageProvider.swift */; };
		DE5E7DF42ACBFBD800F1CC0A /* AppDelegate.swift in Sources */ = {isa = PBXBuildFile; fileRef = DE5E7DF32ACBFBD800F1CC0A /* AppDelegate.swift */; };
		DE5E7DF62ACBFBD800F1CC0A /* SceneDelegate.swift in Sources */ = {isa = PBXBuildFile; fileRef = DE5E7DF52ACBFBD800F1CC0A /* SceneDelegate.swift */; };
		DE5E7DF82ACBFBD800F1CC0A /* HomeController.swift in Sources */ = {isa = PBXBuildFile; fileRef = DE5E7DF72ACBFBD800F1CC0A /* HomeController.swift */; };
		DE5E7DFB2ACBFBD800F1CC0A /* Main.storyboard in Resources */ = {isa = PBXBuildFile; fileRef = DE5E7DF92ACBFBD800F1CC0A /* Main.storyboard */; };
		DE5E7DFD2ACBFBD900F1CC0A /* Assets.xcassets in Resources */ = {isa = PBXBuildFile; fileRef = DE5E7DFC2ACBFBD900F1CC0A /* Assets.xcassets */; };
		DE5E7E002ACBFBD900F1CC0A /* LaunchScreen.storyboard in Resources */ = {isa = PBXBuildFile; fileRef = DE5E7DFE2ACBFBD900F1CC0A /* LaunchScreen.storyboard */; };
		DE5E7E3A2ACDC53B00F1CC0A /* MusicPlayerManager.swift in Sources */ = {isa = PBXBuildFile; fileRef = DE5E7E392ACDC53B00F1CC0A /* MusicPlayerManager.swift */; };
/* End PBXBuildFile section */

/* Begin PBXFileReference section */
		170FAF4E2ACEA84B004BB201 /* .gitignore */ = {isa = PBXFileReference; lastKnownFileType = text; path = .gitignore; sourceTree = SOURCE_ROOT; };
		171D1CCA2ACC0F1F00CEFA31 /* LoginController.swift */ = {isa = PBXFileReference; lastKnownFileType = sourcecode.swift; path = LoginController.swift; sourceTree = "<group>"; };
		171D1CCC2ACC377300CEFA31 /* SearchController.swift */ = {isa = PBXFileReference; lastKnownFileType = sourcecode.swift; path = SearchController.swift; sourceTree = "<group>"; };
		171D1CCE2ACC37A000CEFA31 /* LikesController.swift */ = {isa = PBXFileReference; lastKnownFileType = sourcecode.swift; path = LikesController.swift; sourceTree = "<group>"; };
		171D1CD02ACC406A00CEFA31 /* MainTabBarController.swift */ = {isa = PBXFileReference; lastKnownFileType = sourcecode.swift; path = MainTabBarController.swift; sourceTree = "<group>"; };
		171D1CD22ACC54E100CEFA31 /* MusicCellController.swift */ = {isa = PBXFileReference; lastKnownFileType = sourcecode.swift; path = MusicCellController.swift; sourceTree = "<group>"; };
		17BA90B92ACD5F5400995096 /* UIColorConverter.swift */ = {isa = PBXFileReference; lastKnownFileType = sourcecode.swift; path = UIColorConverter.swift; sourceTree = "<group>"; };
		17BA90BB2ACD6EC800995096 /* MusicPlayerController.swift */ = {isa = PBXFileReference; lastKnownFileType = sourcecode.swift; path = MusicPlayerController.swift; sourceTree = "<group>"; };
		17BA90BD2ACD855400995096 /* MusicService.swift */ = {isa = PBXFileReference; lastKnownFileType = sourcecode.swift; path = MusicService.swift; sourceTree = "<group>"; };
		17BA90BF2ACD88EB00995096 /* ImageProvider.swift */ = {isa = PBXFileReference; lastKnownFileType = sourcecode.swift; path = ImageProvider.swift; sourceTree = "<group>"; };
		DE5E7DF02ACBFBD800F1CC0A /* spotify_io_GSK.app */ = {isa = PBXFileReference; explicitFileType = wrapper.application; includeInIndex = 0; path = spotify_io_GSK.app; sourceTree = BUILT_PRODUCTS_DIR; };
		DE5E7DF32ACBFBD800F1CC0A /* AppDelegate.swift */ = {isa = PBXFileReference; lastKnownFileType = sourcecode.swift; path = AppDelegate.swift; sourceTree = "<group>"; };
		DE5E7DF52ACBFBD800F1CC0A /* SceneDelegate.swift */ = {isa = PBXFileReference; lastKnownFileType = sourcecode.swift; path = SceneDelegate.swift; sourceTree = "<group>"; };
		DE5E7DF72ACBFBD800F1CC0A /* HomeController.swift */ = {isa = PBXFileReference; lastKnownFileType = sourcecode.swift; path = HomeController.swift; sourceTree = "<group>"; };
		DE5E7DFA2ACBFBD800F1CC0A /* Base */ = {isa = PBXFileReference; lastKnownFileType = file.storyboard; name = Base; path = Base.lproj/Main.storyboard; sourceTree = "<group>"; };
		DE5E7DFC2ACBFBD900F1CC0A /* Assets.xcassets */ = {isa = PBXFileReference; lastKnownFileType = folder.assetcatalog; path = Assets.xcassets; sourceTree = "<group>"; };
		DE5E7DFF2ACBFBD900F1CC0A /* Base */ = {isa = PBXFileReference; lastKnownFileType = file.storyboard; name = Base; path = Base.lproj/LaunchScreen.storyboard; sourceTree = "<group>"; };
		DE5E7E012ACBFBD900F1CC0A /* Info.plist */ = {isa = PBXFileReference; lastKnownFileType = text.plist.xml; path = Info.plist; sourceTree = "<group>"; };
		DE5E7E392ACDC53B00F1CC0A /* MusicPlayerManager.swift */ = {isa = PBXFileReference; lastKnownFileType = sourcecode.swift; path = MusicPlayerManager.swift; sourceTree = "<group>"; };
/* End PBXFileReference section */

/* Begin PBXFrameworksBuildPhase section */
		DE5E7DED2ACBFBD800F1CC0A /* Frameworks */ = {
			isa = PBXFrameworksBuildPhase;
			buildActionMask = 2147483647;
			files = (
			);
			runOnlyForDeploymentPostprocessing = 0;
		};
/* End PBXFrameworksBuildPhase section */

/* Begin PBXGroup section */
		DE5E7DE72ACBFBD800F1CC0A = {
			isa = PBXGroup;
			children = (
				DE5E7E392ACDC53B00F1CC0A /* MusicPlayerManager.swift */,
				170FAF4E2ACEA84B004BB201 /* .gitignore */,
				DE5E7DF22ACBFBD800F1CC0A /* spotify_io_GSK */,
				DE5E7DF12ACBFBD800F1CC0A /* Products */,
			);
			sourceTree = "<group>";
		};
		DE5E7DF12ACBFBD800F1CC0A /* Products */ = {
			isa = PBXGroup;
			children = (
				DE5E7DF02ACBFBD800F1CC0A /* spotify_io_GSK.app */,
			);
			name = Products;
			sourceTree = "<group>";
		};
		DE5E7DF22ACBFBD800F1CC0A /* spotify_io_GSK */ = {
			isa = PBXGroup;
			children = (
				17BA90BB2ACD6EC800995096 /* MusicPlayerController.swift */,
				171D1CCC2ACC377300CEFA31 /* SearchController.swift */,
				171D1CCE2ACC37A000CEFA31 /* LikesController.swift */,
				DE5E7DF32ACBFBD800F1CC0A /* AppDelegate.swift */,
				DE5E7DF52ACBFBD800F1CC0A /* SceneDelegate.swift */,
				DE5E7DF72ACBFBD800F1CC0A /* HomeController.swift */,
				17BA90BF2ACD88EB00995096 /* ImageProvider.swift */,
				17BA90BD2ACD855400995096 /* MusicService.swift */,
				171D1CD22ACC54E100CEFA31 /* MusicCellController.swift */,
				17BA90B92ACD5F5400995096 /* UIColorConverter.swift */,
				DE5E7DF92ACBFBD800F1CC0A /* Main.storyboard */,
				171D1CD02ACC406A00CEFA31 /* MainTabBarController.swift */,
				171D1CCA2ACC0F1F00CEFA31 /* LoginController.swift */,
				DE5E7DFC2ACBFBD900F1CC0A /* Assets.xcassets */,
				DE5E7DFE2ACBFBD900F1CC0A /* LaunchScreen.storyboard */,
				DE5E7E012ACBFBD900F1CC0A /* Info.plist */,
			);
			path = spotify_io_GSK;
			sourceTree = "<group>";
		};
/* End PBXGroup section */

/* Begin PBXNativeTarget section */
		DE5E7DEF2ACBFBD800F1CC0A /* spotify_io_GSK */ = {
			isa = PBXNativeTarget;
			buildConfigurationList = DE5E7E042ACBFBD900F1CC0A /* Build configuration list for PBXNativeTarget "spotify_io_GSK" */;
			buildPhases = (
				DE5E7DEC2ACBFBD800F1CC0A /* Sources */,
				DE5E7DED2ACBFBD800F1CC0A /* Frameworks */,
				DE5E7DEE2ACBFBD800F1CC0A /* Resources */,
			);
			buildRules = (
			);
			dependencies = (
			);
			name = spotify_io_GSK;
			productName = spotify_io_GSK;
			productReference = DE5E7DF02ACBFBD800F1CC0A /* spotify_io_GSK.app */;
			productType = "com.apple.product-type.application";
		};
/* End PBXNativeTarget section */

/* Begin PBXProject section */
		DE5E7DE82ACBFBD800F1CC0A /* Project object */ = {
			isa = PBXProject;
			attributes = {
				BuildIndependentTargetsInParallel = 1;
				LastSwiftUpdateCheck = 1420;
				LastUpgradeCheck = 1420;
				TargetAttributes = {
					DE5E7DEF2ACBFBD800F1CC0A = {
						CreatedOnToolsVersion = 14.2;
					};
				};
			};
			buildConfigurationList = DE5E7DEB2ACBFBD800F1CC0A /* Build configuration list for PBXProject "spotify_io_GSK" */;
			compatibilityVersion = "Xcode 14.0";
			developmentRegion = en;
			hasScannedForEncodings = 0;
			knownRegions = (
				en,
				Base,
			);
			mainGroup = DE5E7DE72ACBFBD800F1CC0A;
			productRefGroup = DE5E7DF12ACBFBD800F1CC0A /* Products */;
			projectDirPath = "";
			projectRoot = "";
			targets = (
				DE5E7DEF2ACBFBD800F1CC0A /* spotify_io_GSK */,
			);
		};
/* End PBXProject section */

/* Begin PBXResourcesBuildPhase section */
		DE5E7DEE2ACBFBD800F1CC0A /* Resources */ = {
			isa = PBXResourcesBuildPhase;
			buildActionMask = 2147483647;
			files = (
				170FAF4F2ACEA84B004BB201 /* .gitignore in Resources */,
				DE5E7E002ACBFBD900F1CC0A /* LaunchScreen.storyboard in Resources */,
				DE5E7DFD2ACBFBD900F1CC0A /* Assets.xcassets in Resources */,
				DE5E7DFB2ACBFBD800F1CC0A /* Main.storyboard in Resources */,
			);
			runOnlyForDeploymentPostprocessing = 0;
		};
/* End PBXResourcesBuildPhase section */

/* Begin PBXSourcesBuildPhase section */
		DE5E7DEC2ACBFBD800F1CC0A /* Sources */ = {
			isa = PBXSourcesBuildPhase;
			buildActionMask = 2147483647;
			files = (
				17BA90BC2ACD6EC800995096 /* MusicPlayerController.swift in Sources */,
				DE5E7DF82ACBFBD800F1CC0A /* HomeController.swift in Sources */,
				171D1CD32ACC54E100CEFA31 /* MusicCellController.swift in Sources */,
				17BA90BE2ACD855500995096 /* MusicService.swift in Sources */,
				171D1CCD2ACC377300CEFA31 /* SearchController.swift in Sources */,
				171D1CCB2ACC0F1F00CEFA31 /* LoginController.swift in Sources */,
				DE5E7E3A2ACDC53B00F1CC0A /* MusicPlayerManager.swift in Sources */,
				17BA90BA2ACD5F5400995096 /* UIColorConverter.swift in Sources */,
				171D1CD12ACC406A00CEFA31 /* MainTabBarController.swift in Sources */,
				17BA90C02ACD88EB00995096 /* ImageProvider.swift in Sources */,
				DE5E7DF42ACBFBD800F1CC0A /* AppDelegate.swift in Sources */,
				171D1CCF2ACC37A000CEFA31 /* LikesController.swift in Sources */,
				DE5E7DF62ACBFBD800F1CC0A /* SceneDelegate.swift in Sources */,
			);
			runOnlyForDeploymentPostprocessing = 0;
		};
/* End PBXSourcesBuildPhase section */

/* Begin PBXVariantGroup section */
		DE5E7DF92ACBFBD800F1CC0A /* Main.storyboard */ = {
			isa = PBXVariantGroup;
			children = (
				DE5E7DFA2ACBFBD800F1CC0A /* Base */,
			);
			name = Main.storyboard;
			sourceTree = "<group>";
		};
		DE5E7DFE2ACBFBD900F1CC0A /* LaunchScreen.storyboard */ = {
			isa = PBXVariantGroup;
			children = (
				DE5E7DFF2ACBFBD900F1CC0A /* Base */,
			);
			name = LaunchScreen.storyboard;
			sourceTree = "<group>";
		};
/* End PBXVariantGroup section */

/* Begin XCBuildConfiguration section */
		DE5E7E022ACBFBD900F1CC0A /* Debug */ = {
			isa = XCBuildConfiguration;
			buildSettings = {
				ALWAYS_SEARCH_USER_PATHS = NO;
				CLANG_ANALYZER_NONNULL = YES;
				CLANG_ANALYZER_NUMBER_OBJECT_CONVERSION = YES_AGGRESSIVE;
				CLANG_CXX_LANGUAGE_STANDARD = "gnu++20";
				CLANG_ENABLE_MODULES = YES;
				CLANG_ENABLE_OBJC_ARC = YES;
				CLANG_ENABLE_OBJC_WEAK = YES;
				CLANG_WARN_BLOCK_CAPTURE_AUTORELEASING = YES;
				CLANG_WARN_BOOL_CONVERSION = YES;
				CLANG_WARN_COMMA = YES;
				CLANG_WARN_CONSTANT_CONVERSION = YES;
				CLANG_WARN_DEPRECATED_OBJC_IMPLEMENTATIONS = YES;
				CLANG_WARN_DIRECT_OBJC_ISA_USAGE = YES_ERROR;
				CLANG_WARN_DOCUMENTATION_COMMENTS = YES;
				CLANG_WARN_EMPTY_BODY = YES;
				CLANG_WARN_ENUM_CONVERSION = YES;
				CLANG_WARN_INFINITE_RECURSION = YES;
				CLANG_WARN_INT_CONVERSION = YES;
				CLANG_WARN_NON_LITERAL_NULL_CONVERSION = YES;
				CLANG_WARN_OBJC_IMPLICIT_RETAIN_SELF = YES;
				CLANG_WARN_OBJC_LITERAL_CONVERSION = YES;
				CLANG_WARN_OBJC_ROOT_CLASS = YES_ERROR;
				CLANG_WARN_QUOTED_INCLUDE_IN_FRAMEWORK_HEADER = YES;
				CLANG_WARN_RANGE_LOOP_ANALYSIS = YES;
				CLANG_WARN_STRICT_PROTOTYPES = YES;
				CLANG_WARN_SUSPICIOUS_MOVE = YES;
				CLANG_WARN_UNGUARDED_AVAILABILITY = YES_AGGRESSIVE;
				CLANG_WARN_UNREACHABLE_CODE = YES;
				CLANG_WARN__DUPLICATE_METHOD_MATCH = YES;
				COPY_PHASE_STRIP = NO;
				DEBUG_INFORMATION_FORMAT = dwarf;
				ENABLE_STRICT_OBJC_MSGSEND = YES;
				ENABLE_TESTABILITY = YES;
				GCC_C_LANGUAGE_STANDARD = gnu11;
				GCC_DYNAMIC_NO_PIC = NO;
				GCC_NO_COMMON_BLOCKS = YES;
				GCC_OPTIMIZATION_LEVEL = 0;
				GCC_PREPROCESSOR_DEFINITIONS = (
					"DEBUG=1",
					"$(inherited)",
				);
				GCC_WARN_64_TO_32_BIT_CONVERSION = YES;
				GCC_WARN_ABOUT_RETURN_TYPE = YES_ERROR;
				GCC_WARN_UNDECLARED_SELECTOR = YES;
				GCC_WARN_UNINITIALIZED_AUTOS = YES_AGGRESSIVE;
				GCC_WARN_UNUSED_FUNCTION = YES;
				GCC_WARN_UNUSED_VARIABLE = YES;
				IPHONEOS_DEPLOYMENT_TARGET = 16.2;
				MTL_ENABLE_DEBUG_INFO = INCLUDE_SOURCE;
				MTL_FAST_MATH = YES;
				ONLY_ACTIVE_ARCH = YES;
				SDKROOT = iphoneos;
				SWIFT_ACTIVE_COMPILATION_CONDITIONS = DEBUG;
				SWIFT_OPTIMIZATION_LEVEL = "-Onone";
			};
			name = Debug;
		};
		DE5E7E032ACBFBD900F1CC0A /* Release */ = {
			isa = XCBuildConfiguration;
			buildSettings = {
				ALWAYS_SEARCH_USER_PATHS = NO;
				CLANG_ANALYZER_NONNULL = YES;
				CLANG_ANALYZER_NUMBER_OBJECT_CONVERSION = YES_AGGRESSIVE;
				CLANG_CXX_LANGUAGE_STANDARD = "gnu++20";
				CLANG_ENABLE_MODULES = YES;
				CLANG_ENABLE_OBJC_ARC = YES;
				CLANG_ENABLE_OBJC_WEAK = YES;
				CLANG_WARN_BLOCK_CAPTURE_AUTORELEASING = YES;
				CLANG_WARN_BOOL_CONVERSION = YES;
				CLANG_WARN_COMMA = YES;
				CLANG_WARN_CONSTANT_CONVERSION = YES;
				CLANG_WARN_DEPRECATED_OBJC_IMPLEMENTATIONS = YES;
				CLANG_WARN_DIRECT_OBJC_ISA_USAGE = YES_ERROR;
				CLANG_WARN_DOCUMENTATION_COMMENTS = YES;
				CLANG_WARN_EMPTY_BODY = YES;
				CLANG_WARN_ENUM_CONVERSION = YES;
				CLANG_WARN_INFINITE_RECURSION = YES;
				CLANG_WARN_INT_CONVERSION = YES;
				CLANG_WARN_NON_LITERAL_NULL_CONVERSION = YES;
				CLANG_WARN_OBJC_IMPLICIT_RETAIN_SELF = YES;
				CLANG_WARN_OBJC_LITERAL_CONVERSION = YES;
				CLANG_WARN_OBJC_ROOT_CLASS = YES_ERROR;
				CLANG_WARN_QUOTED_INCLUDE_IN_FRAMEWORK_HEADER = YES;
				CLANG_WARN_RANGE_LOOP_ANALYSIS = YES;
				CLANG_WARN_STRICT_PROTOTYPES = YES;
				CLANG_WARN_SUSPICIOUS_MOVE = YES;
				CLANG_WARN_UNGUARDED_AVAILABILITY = YES_AGGRESSIVE;
				CLANG_WARN_UNREACHABLE_CODE = YES;
				CLANG_WARN__DUPLICATE_METHOD_MATCH = YES;
				COPY_PHASE_STRIP = NO;
				DEBUG_INFORMATION_FORMAT = "dwarf-with-dsym";
				ENABLE_NS_ASSERTIONS = NO;
				ENABLE_STRICT_OBJC_MSGSEND = YES;
				GCC_C_LANGUAGE_STANDARD = gnu11;
				GCC_NO_COMMON_BLOCKS = YES;
				GCC_WARN_64_TO_32_BIT_CONVERSION = YES;
				GCC_WARN_ABOUT_RETURN_TYPE = YES_ERROR;
				GCC_WARN_UNDECLARED_SELECTOR = YES;
				GCC_WARN_UNINITIALIZED_AUTOS = YES_AGGRESSIVE;
				GCC_WARN_UNUSED_FUNCTION = YES;
				GCC_WARN_UNUSED_VARIABLE = YES;
				IPHONEOS_DEPLOYMENT_TARGET = 16.2;
				MTL_ENABLE_DEBUG_INFO = NO;
				MTL_FAST_MATH = YES;
				SDKROOT = iphoneos;
				SWIFT_COMPILATION_MODE = wholemodule;
				SWIFT_OPTIMIZATION_LEVEL = "-O";
				VALIDATE_PRODUCT = YES;
			};
			name = Release;
		};
		DE5E7E052ACBFBD900F1CC0A /* Debug */ = {
			isa = XCBuildConfiguration;
			buildSettings = {
				ASSETCATALOG_COMPILER_APPICON_NAME = AppIcon;
				ASSETCATALOG_COMPILER_GLOBAL_ACCENT_COLOR_NAME = AccentColor;
				CODE_SIGN_STYLE = Automatic;
				CURRENT_PROJECT_VERSION = 1;
				GENERATE_INFOPLIST_FILE = YES;
				INFOPLIST_FILE = spotify_io_GSK/Info.plist;
				INFOPLIST_KEY_UIApplicationSupportsIndirectInputEvents = YES;
				INFOPLIST_KEY_UILaunchStoryboardName = LaunchScreen;
				INFOPLIST_KEY_UIMainStoryboardFile = Main;
				INFOPLIST_KEY_UISupportedInterfaceOrientations_iPad = "UIInterfaceOrientationPortrait UIInterfaceOrientationPortraitUpsideDown UIInterfaceOrientationLandscapeLeft UIInterfaceOrientationLandscapeRight";
				INFOPLIST_KEY_UISupportedInterfaceOrientations_iPhone = "UIInterfaceOrientationPortrait UIInterfaceOrientationLandscapeLeft UIInterfaceOrientationLandscapeRight";
				LD_RUNPATH_SEARCH_PATHS = (
					"$(inherited)",
					"@executable_path/Frameworks",
				);
				MARKETING_VERSION = 1.0;
				PRODUCT_BUNDLE_IDENTIFIER = "com.spotify-io-GSK";
				PRODUCT_NAME = "$(TARGET_NAME)";
				SWIFT_EMIT_LOC_STRINGS = YES;
				SWIFT_VERSION = 5.0;
				TARGETED_DEVICE_FAMILY = "1,2";
			};
			name = Debug;
		};
		DE5E7E062ACBFBD900F1CC0A /* Release */ = {
			isa = XCBuildConfiguration;
			buildSettings = {
				ASSETCATALOG_COMPILER_APPICON_NAME = AppIcon;
				ASSETCATALOG_COMPILER_GLOBAL_ACCENT_COLOR_NAME = AccentColor;
				CODE_SIGN_STYLE = Automatic;
				CURRENT_PROJECT_VERSION = 1;
				GENERATE_INFOPLIST_FILE = YES;
				INFOPLIST_FILE = spotify_io_GSK/Info.plist;
				INFOPLIST_KEY_UIApplicationSupportsIndirectInputEvents = YES;
				INFOPLIST_KEY_UILaunchStoryboardName = LaunchScreen;
				INFOPLIST_KEY_UIMainStoryboardFile = Main;
				INFOPLIST_KEY_UISupportedInterfaceOrientations_iPad = "UIInterfaceOrientationPortrait UIInterfaceOrientationPortraitUpsideDown UIInterfaceOrientationLandscapeLeft UIInterfaceOrientationLandscapeRight";
				INFOPLIST_KEY_UISupportedInterfaceOrientations_iPhone = "UIInterfaceOrientationPortrait UIInterfaceOrientationLandscapeLeft UIInterfaceOrientationLandscapeRight";
				LD_RUNPATH_SEARCH_PATHS = (
					"$(inherited)",
					"@executable_path/Frameworks",
				);
				MARKETING_VERSION = 1.0;
				PRODUCT_BUNDLE_IDENTIFIER = "com.spotify-io-GSK";
				PRODUCT_NAME = "$(TARGET_NAME)";
				SWIFT_EMIT_LOC_STRINGS = YES;
				SWIFT_VERSION = 5.0;
				TARGETED_DEVICE_FAMILY = "1,2";
			};
			name = Release;
		};
/* End XCBuildConfiguration section */

/* Begin XCConfigurationList section */
		DE5E7DEB2ACBFBD800F1CC0A /* Build configuration list for PBXProject "spotify_io_GSK" */ = {
			isa = XCConfigurationList;
			buildConfigurations = (
				DE5E7E022ACBFBD900F1CC0A /* Debug */,
				DE5E7E032ACBFBD900F1CC0A /* Release */,
			);
			defaultConfigurationIsVisible = 0;
			defaultConfigurationName = Release;
		};
		DE5E7E042ACBFBD900F1CC0A /* Build configuration list for PBXNativeTarget "spotify_io_GSK" */ = {
			isa = XCConfigurationList;
			buildConfigurations = (
				DE5E7E052ACBFBD900F1CC0A /* Debug */,
				DE5E7E062ACBFBD900F1CC0A /* Release */,
			);
			defaultConfigurationIsVisible = 0;
			defaultConfigurationName = Release;
		};
/* End XCConfigurationList section */
	};
	rootObject = DE5E7DE82ACBFBD800F1CC0A /* Project object */;
}
